
Microsoft Visual Studio Solution File, Format Version 12.00
# Visual Studio Version 16
VisualStudioVersion = 16.0.31112.23
MinimumVisualStudioVersion = 10.0.40219.1
Project("{2150E333-8FDC-42A3-9474-1A3956D46DE8}") = "Services", "Services", "{D6ED639D-6511-43C2-B754-6EC402431659}"
EndProject
Project("{2150E333-8FDC-42A3-9474-1A3956D46DE8}") = "Catalog", "Catalog", "{008F1315-FF03-4862-8C53-135ED5177B19}"
EndProject
Project("{FAE04EC0-301F-11D3-BF4B-00C04F79EFBC}") = "Catalog.API", "Services\Catalog\Catalog.API\Catalog.API.csproj", "{620F8640-C316-4830-8BD7-480861E0ABB0}"
EndProject
Project("{E53339B2-1760-4266-BCC7-CA923CBCF16C}") = "docker-compose", "docker-compose.dcproj", "{6A5B797D-19D8-43D4-A31F-3AC78D2779D2}"
EndProject
Global
	GlobalSection(SolutionConfigurationPlatforms) = preSolution
		Debug|Any CPU = Debug|Any CPU
		Release|Any CPU = Release|Any CPU
	EndGlobalSection
	GlobalSection(ProjectConfigurationPlatforms) = postSolution
		{620F8640-C316-4830-8BD7-480861E0ABB0}.Debug|Any CPU.ActiveCfg = Debug|Any CPU
		{620F8640-C316-4830-8BD7-480861E0ABB0}.Debug|Any CPU.Build.0 = Debug|Any CPU
		{620F8640-C316-4830-8BD7-480861E0ABB0}.Release|Any CPU.ActiveCfg = Release|Any CPU
		{620F8640-C316-4830-8BD7-480861E0ABB0}.Release|Any CPU.Build.0 = Release|Any CPU
		{6A5B797D-19D8-43D4-A31F-3AC78D2779D2}.Debug|Any CPU.ActiveCfg = Debug|Any CPU
		{6A5B797D-19D8-43D4-A31F-3AC78D2779D2}.Debug|Any CPU.Build.0 = Debug|Any CPU
		{6A5B797D-19D8-43D4-A31F-3AC78D2779D2}.Release|Any CPU.ActiveCfg = Release|Any CPU
		{6A5B797D-19D8-43D4-A31F-3AC78D2779D2}.Release|Any CPU.Build.0 = Release|Any CPU
	EndGlobalSection
	GlobalSection(SolutionProperties) = preSolution
		HideSolutionNode = FALSE
	EndGlobalSection
	GlobalSection(NestedProjects) = preSolution
		{008F1315-FF03-4862-8C53-135ED5177B19} = {D6ED639D-6511-43C2-B754-6EC402431659}
		{620F8640-C316-4830-8BD7-480861E0ABB0} = {008F1315-FF03-4862-8C53-135ED5177B19}
	EndGlobalSection
	GlobalSection(ExtensibilityGlobals) = postSolution
		SolutionGuid = {2FFF53C2-838D-4681-B3E8-B3DEAF9BB071}
	EndGlobalSection
EndGlobal
